
Microsoft Visual Studio Solution File, Format Version 12.00
# Visual Studio Version 17
VisualStudioVersion = 17.1.32319.34
MinimumVisualStudioVersion = 10.0.40219.1
Project("{FAE04EC0-301F-11D3-BF4B-00C04F79EFBC}") = "Resturant-project-AD0079", "Resturant-project-AD0079\Resturant-project-AD0079.csproj", "{1F6E03A9-4BE4-47C2-AE8F-F8E496EEB41A}"
EndProject
Global
	GlobalSection(SolutionConfigurationPlatforms) = preSolution
		Debug|Any CPU = Debug|Any CPU
		Release|Any CPU = Release|Any CPU
	EndGlobalSection
	GlobalSection(ProjectConfigurationPlatforms) = postSolution
		{1F6E03A9-4BE4-47C2-AE8F-F8E496EEB41A}.Debug|Any CPU.ActiveCfg = Debug|Any CPU
		{1F6E03A9-4BE4-47C2-AE8F-F8E496EEB41A}.Debug|Any CPU.Build.0 = Debug|Any CPU
		{1F6E03A9-4BE4-47C2-AE8F-F8E496EEB41A}.Release|Any CPU.ActiveCfg = Release|Any CPU
		{1F6E03A9-4BE4-47C2-AE8F-F8E496EEB41A}.Release|Any CPU.Build.0 = Release|Any CPU
	EndGlobalSection
	GlobalSection(SolutionProperties) = preSolution
		HideSolutionNode = FALSE
	EndGlobalSection
	GlobalSection(ExtensibilityGlobals) = postSolution
		SolutionGuid = {F13D691B-F3D2-46D2-BCF4-14D32A28E78D}
	EndGlobalSection
EndGlobal
